
Microsoft Visual Studio Solution File, Format Version 12.00
# Visual Studio Version 16
VisualStudioVersion = 16.0.30011.22
MinimumVisualStudioVersion = 15.0.26124.0
Project("{2150E333-8FDC-42A3-9474-1A3956D46DE8}") = "Tests", "Tests", "{54B37C4B-BA06-41D9-80CA-2FA1A2DCA1E6}"
EndProject
Project("{9A19103F-16F7-4668-BE54-9A1E7A4F7556}") = "Bds.TechTest.Lib", "Bds.TechTest.Lib\Bds.TechTest.Lib.csproj", "{1A746959-A4D9-42C5-993E-72B087896515}"
EndProject
Project("{9A19103F-16F7-4668-BE54-9A1E7A4F7556}") = "Bds.TechTest.Lib.Tests", "Bds.TestTest.Lib.Tests\Bds.TechTest.Lib.Tests.csproj", "{C4C60D5C-3CE2-4F26-980D-B22AA7BBC3AE}"
EndProject
Project("{9A19103F-16F7-4668-BE54-9A1E7A4F7556}") = "Bds.TechTest", "Bds.TechTest\Bds.TechTest.csproj", "{3E09A651-198D-4BA4-AAA6-6BE785EC649E}"
EndProject
Global
	GlobalSection(SolutionConfigurationPlatforms) = preSolution
		Debug|Any CPU = Debug|Any CPU
		Debug|x64 = Debug|x64
		Debug|x86 = Debug|x86
		Release|Any CPU = Release|Any CPU
		Release|x64 = Release|x64
		Release|x86 = Release|x86
	EndGlobalSection
	GlobalSection(ProjectConfigurationPlatforms) = postSolution
		{1A746959-A4D9-42C5-993E-72B087896515}.Debug|Any CPU.ActiveCfg = Debug|Any CPU
		{1A746959-A4D9-42C5-993E-72B087896515}.Debug|Any CPU.Build.0 = Debug|Any CPU
		{1A746959-A4D9-42C5-993E-72B087896515}.Debug|x64.ActiveCfg = Debug|Any CPU
		{1A746959-A4D9-42C5-993E-72B087896515}.Debug|x64.Build.0 = Debug|Any CPU
		{1A746959-A4D9-42C5-993E-72B087896515}.Debug|x86.ActiveCfg = Debug|Any CPU
		{1A746959-A4D9-42C5-993E-72B087896515}.Debug|x86.Build.0 = Debug|Any CPU
		{1A746959-A4D9-42C5-993E-72B087896515}.Release|Any CPU.ActiveCfg = Release|Any CPU
		{1A746959-A4D9-42C5-993E-72B087896515}.Release|Any CPU.Build.0 = Release|Any CPU
		{1A746959-A4D9-42C5-993E-72B087896515}.Release|x64.ActiveCfg = Release|Any CPU
		{1A746959-A4D9-42C5-993E-72B087896515}.Release|x64.Build.0 = Release|Any CPU
		{1A746959-A4D9-42C5-993E-72B087896515}.Release|x86.ActiveCfg = Release|Any CPU
		{1A746959-A4D9-42C5-993E-72B087896515}.Release|x86.Build.0 = Release|Any CPU
		{C4C60D5C-3CE2-4F26-980D-B22AA7BBC3AE}.Debug|Any CPU.ActiveCfg = Debug|Any CPU
		{C4C60D5C-3CE2-4F26-980D-B22AA7BBC3AE}.Debug|Any CPU.Build.0 = Debug|Any CPU
		{C4C60D5C-3CE2-4F26-980D-B22AA7BBC3AE}.Debug|x64.ActiveCfg = Debug|Any CPU
		{C4C60D5C-3CE2-4F26-980D-B22AA7BBC3AE}.Debug|x64.Build.0 = Debug|Any CPU
		{C4C60D5C-3CE2-4F26-980D-B22AA7BBC3AE}.Debug|x86.ActiveCfg = Debug|Any CPU
		{C4C60D5C-3CE2-4F26-980D-B22AA7BBC3AE}.Debug|x86.Build.0 = Debug|Any CPU
		{C4C60D5C-3CE2-4F26-980D-B22AA7BBC3AE}.Release|Any CPU.ActiveCfg = Release|Any CPU
		{C4C60D5C-3CE2-4F26-980D-B22AA7BBC3AE}.Release|Any CPU.Build.0 = Release|Any CPU
		{C4C60D5C-3CE2-4F26-980D-B22AA7BBC3AE}.Release|x64.ActiveCfg = Release|Any CPU
		{C4C60D5C-3CE2-4F26-980D-B22AA7BBC3AE}.Release|x64.Build.0 = Release|Any CPU
		{C4C60D5C-3CE2-4F26-980D-B22AA7BBC3AE}.Release|x86.ActiveCfg = Release|Any CPU
		{C4C60D5C-3CE2-4F26-980D-B22AA7BBC3AE}.Release|x86.Build.0 = Release|Any CPU
		{3E09A651-198D-4BA4-AAA6-6BE785EC649E}.Debug|Any CPU.ActiveCfg = Debug|Any CPU
		{3E09A651-198D-4BA4-AAA6-6BE785EC649E}.Debug|Any CPU.Build.0 = Debug|Any CPU
		{3E09A651-198D-4BA4-AAA6-6BE785EC649E}.Debug|x64.ActiveCfg = Debug|Any CPU
		{3E09A651-198D-4BA4-AAA6-6BE785EC649E}.Debug|x64.Build.0 = Debug|Any CPU
		{3E09A651-198D-4BA4-AAA6-6BE785EC649E}.Debug|x86.ActiveCfg = Debug|Any CPU
		{3E09A651-198D-4BA4-AAA6-6BE785EC649E}.Debug|x86.Build.0 = Debug|Any CPU
		{3E09A651-198D-4BA4-AAA6-6BE785EC649E}.Release|Any CPU.ActiveCfg = Release|Any CPU
		{3E09A651-198D-4BA4-AAA6-6BE785EC649E}.Release|Any CPU.Build.0 = Release|Any CPU
		{3E09A651-198D-4BA4-AAA6-6BE785EC649E}.Release|x64.ActiveCfg = Release|Any CPU
		{3E09A651-198D-4BA4-AAA6-6BE785EC649E}.Release|x64.Build.0 = Release|Any CPU
		{3E09A651-198D-4BA4-AAA6-6BE785EC649E}.Release|x86.ActiveCfg = Release|Any CPU
		{3E09A651-198D-4BA4-AAA6-6BE785EC649E}.Release|x86.Build.0 = Release|Any CPU
	EndGlobalSection
	GlobalSection(SolutionProperties) = preSolution
		HideSolutionNode = FALSE
	EndGlobalSection
	GlobalSection(NestedProjects) = preSolution
		{C4C60D5C-3CE2-4F26-980D-B22AA7BBC3AE} = {54B37C4B-BA06-41D9-80CA-2FA1A2DCA1E6}
	EndGlobalSection
	GlobalSection(ExtensibilityGlobals) = postSolution
		SolutionGuid = {60669040-6A94-47C6-A578-C9C7EA112701}
	EndGlobalSection
EndGlobal
